dependencies:
  idf:
    source:
      type: idf
    version: 5.4.0
  l2cap-server:
    dependencies: []
    source:
      path: /home/tvconss/Workspace/quan-ly-giao-thong/esp32s3-car/main/components/l2cap-server
      type: local
    version: '*'
direct_dependencies:
- idf
- l2cap-server
manifest_hash: acca35afe210e73d1470818debcdb425a83868f76b0106c8071ff869570520cc
target: esp32s3
version: 2.0.0
